
Microsoft Visual Studio Solution File, Format Version 12.00
# Visual Studio Version 16
VisualStudioVersion = 16.0.32002.261
MinimumVisualStudioVersion = 10.0.40219.1
Project("{FAE04EC0-301F-11D3-BF4B-00C04F79EFBC}") = "BlooditData", "BlooditData\BlooditData.csproj", "{1180FC84-6195-4EA3-9F16-81EFB2C55DFF}"
EndProject
Project("{FAE04EC0-301F-11D3-BF4B-00C04F79EFBC}") = "BlooditWebAPI", "BlooditWebAPI\BlooditWebAPI.csproj", "{255517CA-DD0D-4400-B8FA-C2D485D4A394}"
EndProject
Project("{FAE04EC0-301F-11D3-BF4B-00C04F79EFBC}") = "BlooditServices", "BlooditServices\BlooditServices.csproj", "{D49B2B59-B0DF-465D-A9C1-C4AEB6985E80}"
EndProject
Global
	GlobalSection(SolutionConfigurationPlatforms) = preSolution
		Debug|Any CPU = Debug|Any CPU
		Release|Any CPU = Release|Any CPU
	EndGlobalSection
	GlobalSection(ProjectConfigurationPlatforms) = postSolution
		{1180FC84-6195-4EA3-9F16-81EFB2C55DFF}.Debug|Any CPU.ActiveCfg = Debug|Any CPU
		{1180FC84-6195-4EA3-9F16-81EFB2C55DFF}.Debug|Any CPU.Build.0 = Debug|Any CPU
		{1180FC84-6195-4EA3-9F16-81EFB2C55DFF}.Release|Any CPU.ActiveCfg = Release|Any CPU
		{1180FC84-6195-4EA3-9F16-81EFB2C55DFF}.Release|Any CPU.Build.0 = Release|Any CPU
		{255517CA-DD0D-4400-B8FA-C2D485D4A394}.Debug|Any CPU.ActiveCfg = Debug|Any CPU
		{255517CA-DD0D-4400-B8FA-C2D485D4A394}.Debug|Any CPU.Build.0 = Debug|Any CPU
		{255517CA-DD0D-4400-B8FA-C2D485D4A394}.Release|Any CPU.ActiveCfg = Release|Any CPU
		{255517CA-DD0D-4400-B8FA-C2D485D4A394}.Release|Any CPU.Build.0 = Release|Any CPU
		{D49B2B59-B0DF-465D-A9C1-C4AEB6985E80}.Debug|Any CPU.ActiveCfg = Debug|Any CPU
		{D49B2B59-B0DF-465D-A9C1-C4AEB6985E80}.Debug|Any CPU.Build.0 = Debug|Any CPU
		{D49B2B59-B0DF-465D-A9C1-C4AEB6985E80}.Release|Any CPU.ActiveCfg = Release|Any CPU
		{D49B2B59-B0DF-465D-A9C1-C4AEB6985E80}.Release|Any CPU.Build.0 = Release|Any CPU
	EndGlobalSection
	GlobalSection(SolutionProperties) = preSolution
		HideSolutionNode = FALSE
	EndGlobalSection
	GlobalSection(ExtensibilityGlobals) = postSolution
		SolutionGuid = {B6672676-2D21-466B-A973-6A5F37CBC665}
	EndGlobalSection
EndGlobal
